# This file is autogenerated, do not edit; changes may be undone by the next 'dep ensure'.


[[projects]]
  branch = "master"
  name = "github.com/maruel/rs"
  packages = [".","internal/gf256"]
  revision = "2c81c4312fe4ee48bed510bdc37ddd499d2d9e9a"

[[projects]]
  branch = "master"
  name = "github.com/tidezyc/httpclient"
  packages = ["."]
  revision = "8f4bfa5b961cb3a8f6f9e560d3ecd2db207dbaef"

[[projects]]
  branch = "master"
  name = "github.com/tuotoo/qrcode"
  packages = ["."]
  revision = "6cbfb834f9f328f3d3c2e44a50cdcaa330466e4c"

[solve-meta]
  analyzer-name = "dep"
  analyzer-version = 1
  inputs-digest = "95721ebe21dcf37b3df5d60a8330ef33e357b399bfcaa8ea1a5a7d0b18d1ed1d"
  solver-name = "gps-cdcl"
  solver-version = 1
